<?xml version="1.0" encoding="utf-8"?>
<Project ToolsVersion="4.0" xmlns="http://schemas.microsoft.com/developer/msbuild/2003">
  <ItemGroup>
    <Filter Include="Source Files">
      <UniqueIdentifier>{4FC737F1-C7A5-4376-A066-2A32D752A2FF}</UniqueIdentifier>
      <Extensions>cpp;c;cc;cxx;def;odl;idl;hpj;bat;asm;asmx</Extensions>
    </Filter>
    <Filter Include="Header Files">
      <UniqueIdentifier>{93995380-89BD-4B04-88EB-625FBE52EBFB}</UniqueIdentifier>
      <Extensions>h;hpp;hxx;hm;inl;inc;xsd</Extensions>
    </Filter>
    <Filter Include="Resource Files">
      <UniqueIdentifier>{67DA6AB6-F800-4c08-8B7A-83BB121AAD01}</UniqueIdentifier>
      <Extensions>rc;ico;cur;bmp;dlg;rc2;rct;bin;rgs;gif;jpg;jpeg;jpe;resx</Extensions>
    </Filter>
    <Filter Include="Header Files\json">
      <UniqueIdentifier>{b3a5e8c7-1234-5678-9abc-def012345678}</UniqueIdentifier>
    </Filter>
  </ItemGroup>
  <ItemGroup>
    <ClInclude Include="..\include\PluginInterface.h"><Filter>Header Files</Filter></ClInclude>
    <ClInclude Include="include\json.hpp"><Filter>Header Files\json</Filter></ClInclude>
    <ClInclude Include="include\nlohmann\json.hpp"><Filter>Header Files\json</Filter></ClInclude>
    <ClInclude Include="Accumulator.h"><Filter>Header Files</Filter></ClInclude>
    <ClInclude Include="ClaudeTokenMonitor.h"><Filter>Header Files</Filter></ClInclude>
    <ClInclude Include="DataManager.h"><Filter>Header Files</Filter></ClInclude>
    <ClInclude Include="framework.h"><Filter>Header Files</Filter></ClInclude>
    <ClInclude Include="JsonHelpers.h"><Filter>Header Files</Filter></ClInclude>
    <ClInclude Include="OptionsDlg.h"><Filter>Header Files</Filter></ClInclude>
    <ClInclude Include="pch.h"><Filter>Header Files</Filter></ClInclude>
    <ClInclude Include="resource.h"><Filter>Header Files</Filter></ClInclude>
    <ClInclude Include="RingBuffer.h"><Filter>Header Files</Filter></ClInclude>
    <ClInclude Include="SidecarReader.h"><Filter>Header Files</Filter></ClInclude>
    <ClInclude Include="StatuslineInstaller.h"><Filter>Header Files</Filter></ClInclude>
    <ClInclude Include="TokenItem.h"><Filter>Header Files</Filter></ClInclude>
  </ItemGroup>
  <ItemGroup>
    <ClCompile Include="Accumulator.cpp"><Filter>Source Files</Filter></ClCompile>
    <ClCompile Include="ClaudeTokenMonitor.cpp"><Filter>Source Files</Filter></ClCompile>
    <ClCompile Include="DataManager.cpp"><Filter>Source Files</Filter></ClCompile>
    <ClCompile Include="OptionsDlg.cpp"><Filter>Source Files</Filter></ClCompile>
    <ClCompile Include="pch.cpp"><Filter>Source Files</Filter></ClCompile>
    <ClCompile Include="RingBuffer.cpp"><Filter>Source Files</Filter></ClCompile>
    <ClCompile Include="SidecarReader.cpp"><Filter>Source Files</Filter></ClCompile>
    <ClCompile Include="StatuslineInstaller.cpp"><Filter>Source Files</Filter></ClCompile>
    <ClCompile Include="TokenItem.cpp"><Filter>Source Files</Filter></ClCompile>
  </ItemGroup>
  <ItemGroup>
    <ResourceCompile Include="ClaudeTokenMonitor.rc"><Filter>Resource Files</Filter></ResourceCompile>
  </ItemGroup>
</Project>
